
Microsoft Visual Studio Solution File, Format Version 12.00
# Visual Studio Version 16
VisualStudioVersion = 16.0.29306.81
MinimumVisualStudioVersion = 10.0.40219.1
Project("{FAE04EC0-301F-11D3-BF4B-00C04F79EFBC}") = "ImgGetter", "ImgGetter.csproj", "{FBA91BD7-5289-4157-A744-09F1134B9AA0}"
EndProject
Global
	GlobalSection(SolutionConfigurationPlatforms) = preSolution
		Debug|Any CPU = Debug|Any CPU
		Release|Any CPU = Release|Any CPU
	EndGlobalSection
	GlobalSection(ProjectConfigurationPlatforms) = postSolution
		{FBA91BD7-5289-4157-A744-09F1134B9AA0}.Debug|Any CPU.ActiveCfg = Debug|Any CPU
		{FBA91BD7-5289-4157-A744-09F1134B9AA0}.Debug|Any CPU.Build.0 = Debug|Any CPU
		{FBA91BD7-5289-4157-A744-09F1134B9AA0}.Release|Any CPU.ActiveCfg = Release|Any CPU
		{FBA91BD7-5289-4157-A744-09F1134B9AA0}.Release|Any CPU.Build.0 = Release|Any CPU
	EndGlobalSection
	GlobalSection(SolutionProperties) = preSolution
		HideSolutionNode = FALSE
	EndGlobalSection
	GlobalSection(ExtensibilityGlobals) = postSolution
		SolutionGuid = {F43629AF-F0B9-4997-BB92-F29528D7E7E4}
	EndGlobalSection
EndGlobal
