
Microsoft Visual Studio Solution File, Format Version 12.00
# Visual Studio 15
VisualStudioVersion = 15.0.28307.168
MinimumVisualStudioVersion = 10.0.40219.1
Project("{FAE04EC0-301F-11D3-BF4B-00C04F79EFBC}") = "Graph", "Graph\Graph.csproj", "{55651811-2A94-42D3-BDDE-8A836C48AC84}"
EndProject
Global
	GlobalSection(SolutionConfigurationPlatforms) = preSolution
		Debug|Any CPU = Debug|Any CPU
		Release|Any CPU = Release|Any CPU
	EndGlobalSection
	GlobalSection(ProjectConfigurationPlatforms) = postSolution
		{55651811-2A94-42D3-BDDE-8A836C48AC84}.Debug|Any CPU.ActiveCfg = Debug|Any CPU
		{55651811-2A94-42D3-BDDE-8A836C48AC84}.Debug|Any CPU.Build.0 = Debug|Any CPU
		{55651811-2A94-42D3-BDDE-8A836C48AC84}.Release|Any CPU.ActiveCfg = Release|Any CPU
		{55651811-2A94-42D3-BDDE-8A836C48AC84}.Release|Any CPU.Build.0 = Release|Any CPU
	EndGlobalSection
	GlobalSection(SolutionProperties) = preSolution
		HideSolutionNode = FALSE
	EndGlobalSection
	GlobalSection(ExtensibilityGlobals) = postSolution
		SolutionGuid = {DCEADF5C-D599-4798-9F1E-4B82DA9DF1D7}
	EndGlobalSection
EndGlobal
